{
  "requires": true,
  "lockfileVersion": 1,
  "dependencies": {
    "vue-swing": {
      "version": "0.0.10",
      "resolved": "https://registry.npmjs.org/vue-swing/-/vue-swing-0.0.10.tgz",
      "integrity": "sha512-n1uOQ47Et6C2nAdamfkRVCx6Afs5aq2dMFmhQf0GyWElfk9SmkeYhp2yCqkFiaqdvKYD8QNmTuQGYF+4zs7Gjg=="
    }
  }
}
